
Microsoft Visual Studio Solution File, Format Version 12.00
# Visual Studio Version 16
VisualStudioVersion = 16.0.33423.256
MinimumVisualStudioVersion = 10.0.40219.1
Project("{FAE04EC0-301F-11D3-BF4B-00C04F79EFBC}") = "AutoGUI", "AutoGUI\AutoGUI.csproj", "{FC56324F-8300-4D24-BD7A-B7A63D6C35EF}"
EndProject
Project("{FAE04EC0-301F-11D3-BF4B-00C04F79EFBC}") = "AutoClassLibrary", "AutoClassLibrary\AutoClassLibrary.csproj", "{711BC3B2-BA3C-4FE0-8201-DA420B00EBA6}"
EndProject
Project("{FAE04EC0-301F-11D3-BF4B-00C04F79EFBC}") = "Simulation", "Simulation\Simulation.csproj", "{D346ADBB-0165-4CFE-9F0A-5BEBD82CCBAC}"
EndProject
Global
	GlobalSection(SolutionConfigurationPlatforms) = preSolution
		Debug|Any CPU = Debug|Any CPU
		Release|Any CPU = Release|Any CPU
	EndGlobalSection
	GlobalSection(ProjectConfigurationPlatforms) = postSolution
		{FC56324F-8300-4D24-BD7A-B7A63D6C35EF}.Debug|Any CPU.ActiveCfg = Debug|Any CPU
		{FC56324F-8300-4D24-BD7A-B7A63D6C35EF}.Debug|Any CPU.Build.0 = Debug|Any CPU
		{FC56324F-8300-4D24-BD7A-B7A63D6C35EF}.Release|Any CPU.ActiveCfg = Release|Any CPU
		{FC56324F-8300-4D24-BD7A-B7A63D6C35EF}.Release|Any CPU.Build.0 = Release|Any CPU
		{711BC3B2-BA3C-4FE0-8201-DA420B00EBA6}.Debug|Any CPU.ActiveCfg = Debug|Any CPU
		{711BC3B2-BA3C-4FE0-8201-DA420B00EBA6}.Debug|Any CPU.Build.0 = Debug|Any CPU
		{711BC3B2-BA3C-4FE0-8201-DA420B00EBA6}.Release|Any CPU.ActiveCfg = Release|Any CPU
		{711BC3B2-BA3C-4FE0-8201-DA420B00EBA6}.Release|Any CPU.Build.0 = Release|Any CPU
		{D346ADBB-0165-4CFE-9F0A-5BEBD82CCBAC}.Debug|Any CPU.ActiveCfg = Debug|Any CPU
		{D346ADBB-0165-4CFE-9F0A-5BEBD82CCBAC}.Debug|Any CPU.Build.0 = Debug|Any CPU
		{D346ADBB-0165-4CFE-9F0A-5BEBD82CCBAC}.Release|Any CPU.ActiveCfg = Release|Any CPU
		{D346ADBB-0165-4CFE-9F0A-5BEBD82CCBAC}.Release|Any CPU.Build.0 = Release|Any CPU
	EndGlobalSection
	GlobalSection(SolutionProperties) = preSolution
		HideSolutionNode = FALSE
	EndGlobalSection
	GlobalSection(ExtensibilityGlobals) = postSolution
		SolutionGuid = {A8A0A45D-FB9A-4723-AE3B-9F8EAC410767}
	EndGlobalSection
EndGlobal
